
Microsoft Visual Studio Solution File, Format Version 12.00
# Visual Studio Version 17
VisualStudioVersion = 17.12.35707.178 d17.12
MinimumVisualStudioVersion = 10.0.40219.1
Project("{FAE04EC0-301F-11D3-BF4B-00C04F79EFBC}") = "OneDimensionArray_19796703", "OneDimensionArray_19796703\OneDimensionArray_19796703.csproj", "{371A58B3-1795-4C55-889B-A7E49B60580A}"
EndProject
Global
	GlobalSection(SolutionConfigurationPlatforms) = preSolution
		Debug|Any CPU = Debug|Any CPU
		Release|Any CPU = Release|Any CPU
	EndGlobalSection
	GlobalSection(ProjectConfigurationPlatforms) = postSolution
		{371A58B3-1795-4C55-889B-A7E49B60580A}.Debug|Any CPU.ActiveCfg = Debug|Any CPU
		{371A58B3-1795-4C55-889B-A7E49B60580A}.Debug|Any CPU.Build.0 = Debug|Any CPU
		{371A58B3-1795-4C55-889B-A7E49B60580A}.Release|Any CPU.ActiveCfg = Release|Any CPU
		{371A58B3-1795-4C55-889B-A7E49B60580A}.Release|Any CPU.Build.0 = Release|Any CPU
	EndGlobalSection
	GlobalSection(SolutionProperties) = preSolution
		HideSolutionNode = FALSE
	EndGlobalSection
EndGlobal
